
Microsoft Visual Studio Solution File, Format Version 12.00
# Visual Studio 15
VisualStudioVersion = 15.0.27004.2002
MinimumVisualStudioVersion = 10.0.40219.1
Project("{FAE04EC0-301F-11D3-BF4B-00C04F79EFBC}") = "siof.Common.NotifyObject", "siof.Common.NotifyObject\siof.Common.NotifyObject.csproj", "{B8714D90-7879-4791-A0A8-4C47783D104A}"
EndProject
Global
	GlobalSection(SolutionConfigurationPlatforms) = preSolution
		Debug|Any CPU = Debug|Any CPU
		Release|Any CPU = Release|Any CPU
	EndGlobalSection
	GlobalSection(ProjectConfigurationPlatforms) = postSolution
		{B8714D90-7879-4791-A0A8-4C47783D104A}.Debug|Any CPU.ActiveCfg = Debug|Any CPU
		{B8714D90-7879-4791-A0A8-4C47783D104A}.Debug|Any CPU.Build.0 = Debug|Any CPU
		{B8714D90-7879-4791-A0A8-4C47783D104A}.Release|Any CPU.ActiveCfg = Release|Any CPU
		{B8714D90-7879-4791-A0A8-4C47783D104A}.Release|Any CPU.Build.0 = Release|Any CPU
	EndGlobalSection
	GlobalSection(SolutionProperties) = preSolution
		HideSolutionNode = FALSE
	EndGlobalSection
	GlobalSection(ExtensibilityGlobals) = postSolution
		SolutionGuid = {0D83C729-759E-4D2C-8474-D50BB9FB120A}
	EndGlobalSection
EndGlobal
